
Microsoft Visual Studio Solution File, Format Version 12.00
# Visual Studio Version 17
VisualStudioVersion = 17.8.34511.84
MinimumVisualStudioVersion = 10.0.40219.1
Project("{FAE04EC0-301F-11D3-BF4B-00C04F79EFBC}") = "Factura", "Factura\Factura.csproj", "{1DF1E158-D362-4551-B44C-66F21EB417C6}"
EndProject
Global
	GlobalSection(SolutionConfigurationPlatforms) = preSolution
		Debug|Any CPU = Debug|Any CPU
		Release|Any CPU = Release|Any CPU
	EndGlobalSection
	GlobalSection(ProjectConfigurationPlatforms) = postSolution
		{1DF1E158-D362-4551-B44C-66F21EB417C6}.Debug|Any CPU.ActiveCfg = Debug|Any CPU
		{1DF1E158-D362-4551-B44C-66F21EB417C6}.Debug|Any CPU.Build.0 = Debug|Any CPU
		{1DF1E158-D362-4551-B44C-66F21EB417C6}.Release|Any CPU.ActiveCfg = Release|Any CPU
		{1DF1E158-D362-4551-B44C-66F21EB417C6}.Release|Any CPU.Build.0 = Release|Any CPU
	EndGlobalSection
	GlobalSection(SolutionProperties) = preSolution
		HideSolutionNode = FALSE
	EndGlobalSection
	GlobalSection(ExtensibilityGlobals) = postSolution
		SolutionGuid = {DCA870DF-1BEF-4D4F-A5B1-478B25A93C74}
	EndGlobalSection
EndGlobal
